
Microsoft Visual Studio Solution File, Format Version 12.00
Project("{FAE04EC0-301F-11D3-BF4B-00C04F79EFBC}") = "Desafio01", "Desafio01\Desafio01.csproj", "{60E404CF-E403-461E-8EE1-FFC7223A4E79}"
EndProject
Project("{FAE04EC0-301F-11D3-BF4B-00C04F79EFBC}") = "Desafio02", "..\Desafio02\Desafio02.csproj", "{A61CB450-56AC-4EE7-AF52-6995BCB9B05F}"
EndProject
Project("{FAE04EC0-301F-11D3-BF4B-00C04F79EFBC}") = "Desafio03", "..\Desafio03\Desafio03.csproj", "{703BB313-1389-4967-A707-9271376B3A9F}"
EndProject
Project("{2150E333-8FDC-42A3-9474-1A3956D46DE8}") = "Desafio prático - Fundamentos de C-Sharp", "Desafio prático - Fundamentos de C-Sharp", "{92272818-F3E1-4661-AA63-55DEE521BA19}"
EndProject
Project("{FAE04EC0-301F-11D3-BF4B-00C04F79EFBC}") = "Desafio04", "..\Desafio04\Desafio04.csproj", "{8CF3208A-31CE-4538-B827-91FB45F05579}"
EndProject
Project("{FAE04EC0-301F-11D3-BF4B-00C04F79EFBC}") = "Desafio05", "..\Desafio05\Desafio05.csproj", "{3C696D2D-7522-473E-B880-319E0A1686DC}"
EndProject
Project("{FAE04EC0-301F-11D3-BF4B-00C04F79EFBC}") = "Desafio06", "Desafio06\Desafio06.csproj", "{99534A55-5297-4DD8-BFD3-5BA044240A4B}"
EndProject
Global
	GlobalSection(SolutionConfigurationPlatforms) = preSolution
		Debug|Any CPU = Debug|Any CPU
		Release|Any CPU = Release|Any CPU
	EndGlobalSection
	GlobalSection(ProjectConfigurationPlatforms) = postSolution
		{60E404CF-E403-461E-8EE1-FFC7223A4E79}.Debug|Any CPU.ActiveCfg = Debug|Any CPU
		{60E404CF-E403-461E-8EE1-FFC7223A4E79}.Debug|Any CPU.Build.0 = Debug|Any CPU
		{60E404CF-E403-461E-8EE1-FFC7223A4E79}.Release|Any CPU.ActiveCfg = Release|Any CPU
		{60E404CF-E403-461E-8EE1-FFC7223A4E79}.Release|Any CPU.Build.0 = Release|Any CPU
		{A61CB450-56AC-4EE7-AF52-6995BCB9B05F}.Debug|Any CPU.ActiveCfg = Debug|Any CPU
		{A61CB450-56AC-4EE7-AF52-6995BCB9B05F}.Debug|Any CPU.Build.0 = Debug|Any CPU
		{A61CB450-56AC-4EE7-AF52-6995BCB9B05F}.Release|Any CPU.ActiveCfg = Release|Any CPU
		{A61CB450-56AC-4EE7-AF52-6995BCB9B05F}.Release|Any CPU.Build.0 = Release|Any CPU
		{703BB313-1389-4967-A707-9271376B3A9F}.Debug|Any CPU.ActiveCfg = Debug|Any CPU
		{703BB313-1389-4967-A707-9271376B3A9F}.Debug|Any CPU.Build.0 = Debug|Any CPU
		{703BB313-1389-4967-A707-9271376B3A9F}.Release|Any CPU.ActiveCfg = Release|Any CPU
		{703BB313-1389-4967-A707-9271376B3A9F}.Release|Any CPU.Build.0 = Release|Any CPU
		{8CF3208A-31CE-4538-B827-91FB45F05579}.Debug|Any CPU.ActiveCfg = Debug|Any CPU
		{8CF3208A-31CE-4538-B827-91FB45F05579}.Debug|Any CPU.Build.0 = Debug|Any CPU
		{8CF3208A-31CE-4538-B827-91FB45F05579}.Release|Any CPU.ActiveCfg = Release|Any CPU
		{8CF3208A-31CE-4538-B827-91FB45F05579}.Release|Any CPU.Build.0 = Release|Any CPU
		{3C696D2D-7522-473E-B880-319E0A1686DC}.Debug|Any CPU.ActiveCfg = Debug|Any CPU
		{3C696D2D-7522-473E-B880-319E0A1686DC}.Debug|Any CPU.Build.0 = Debug|Any CPU
		{3C696D2D-7522-473E-B880-319E0A1686DC}.Release|Any CPU.ActiveCfg = Release|Any CPU
		{3C696D2D-7522-473E-B880-319E0A1686DC}.Release|Any CPU.Build.0 = Release|Any CPU
		{99534A55-5297-4DD8-BFD3-5BA044240A4B}.Debug|Any CPU.ActiveCfg = Debug|Any CPU
		{99534A55-5297-4DD8-BFD3-5BA044240A4B}.Debug|Any CPU.Build.0 = Debug|Any CPU
		{99534A55-5297-4DD8-BFD3-5BA044240A4B}.Release|Any CPU.ActiveCfg = Release|Any CPU
		{99534A55-5297-4DD8-BFD3-5BA044240A4B}.Release|Any CPU.Build.0 = Release|Any CPU
	EndGlobalSection
	GlobalSection(NestedProjects) = preSolution
		{60E404CF-E403-461E-8EE1-FFC7223A4E79} = {92272818-F3E1-4661-AA63-55DEE521BA19}
		{A61CB450-56AC-4EE7-AF52-6995BCB9B05F} = {92272818-F3E1-4661-AA63-55DEE521BA19}
		{703BB313-1389-4967-A707-9271376B3A9F} = {92272818-F3E1-4661-AA63-55DEE521BA19}
		{8CF3208A-31CE-4538-B827-91FB45F05579} = {92272818-F3E1-4661-AA63-55DEE521BA19}
		{3C696D2D-7522-473E-B880-319E0A1686DC} = {92272818-F3E1-4661-AA63-55DEE521BA19}
		{99534A55-5297-4DD8-BFD3-5BA044240A4B} = {92272818-F3E1-4661-AA63-55DEE521BA19}
	EndGlobalSection
EndGlobal
